
Microsoft Visual Studio Solution File, Format Version 12.00
# Visual Studio Version 17
VisualStudioVersion = 17.5.33502.453
MinimumVisualStudioVersion = 10.0.40219.1
Project("{FAE04EC0-301F-11D3-BF4B-00C04F79EFBC}") = "Tonvo", "Tonvo\Tonvo.csproj", "{55461335-BBD7-4DB1-8820-FBEF852FCB29}"
EndProject
Global
	GlobalSection(SolutionConfigurationPlatforms) = preSolution
		Debug|Any CPU = Debug|Any CPU
		Release|Any CPU = Release|Any CPU
	EndGlobalSection
	GlobalSection(ProjectConfigurationPlatforms) = postSolution
		{55461335-BBD7-4DB1-8820-FBEF852FCB29}.Debug|Any CPU.ActiveCfg = Debug|Any CPU
		{55461335-BBD7-4DB1-8820-FBEF852FCB29}.Debug|Any CPU.Build.0 = Debug|Any CPU
		{55461335-BBD7-4DB1-8820-FBEF852FCB29}.Release|Any CPU.ActiveCfg = Release|Any CPU
		{55461335-BBD7-4DB1-8820-FBEF852FCB29}.Release|Any CPU.Build.0 = Release|Any CPU
	EndGlobalSection
	GlobalSection(SolutionProperties) = preSolution
		HideSolutionNode = FALSE
	EndGlobalSection
	GlobalSection(ExtensibilityGlobals) = postSolution
		SolutionGuid = {56796164-776E-42B4-B59B-C40CC6ADE67B}
	EndGlobalSection
EndGlobal
